// !$*UTF8*$!
{
	archiveVersion = 1;
	classes = {
	};
	objectVersion = 54;
	objects = {

/* Begin PBXBuildFile section */
		350F4F8E26833A580055BCDD /* AppDelegate.swift in Sources */ = {isa = PBXBuildFile; fileRef = 350F4F8D26833A580055BCDD /* AppDelegate.swift */; };
		350F4F9026833A580055BCDD /* SceneDelegate.swift in Sources */ = {isa = PBXBuildFile; fileRef = 350F4F8F26833A580055BCDD /* SceneDelegate.swift */; };
		350F4F9826833A580055BCDD /* GitHubFollowerBymyselfProject.xcdatamodeld in Sources */ = {isa = PBXBuildFile; fileRef = 350F4F9626833A580055BCDD /* GitHubFollowerBymyselfProject.xcdatamodeld */; };
		350F4F9A26833A5A0055BCDD /* Assets.xcassets in Resources */ = {isa = PBXBuildFile; fileRef = 350F4F9926833A5A0055BCDD /* Assets.xcassets */; };
		350F4F9D26833A5A0055BCDD /* LaunchScreen.storyboard in Resources */ = {isa = PBXBuildFile; fileRef = 350F4F9B26833A5A0055BCDD /* LaunchScreen.storyboard */; };
		7AFDA7592B86FC7100FEB2FC /* DependencyManager in Frameworks */ = {isa = PBXBuildFile; productRef = 7AFDA7582B86FC7100FEB2FC /* DependencyManager */; };
/* End PBXBuildFile section */

/* Begin PBXFileReference section */
		350F4F8A26833A580055BCDD /* GitHubFollowerBymyselfProject.app */ = {isa = PBXFileReference; explicitFileType = wrapper.application; includeInIndex = 0; path = GitHubFollowerBymyselfProject.app; sourceTree = BUILT_PRODUCTS_DIR; };
		350F4F8D26833A580055BCDD /* AppDelegate.swift */ = {isa = PBXFileReference; lastKnownFileType = sourcecode.swift; path = AppDelegate.swift; sourceTree = "<group>"; };
		350F4F8F26833A580055BCDD /* SceneDelegate.swift */ = {isa = PBXFileReference; lastKnownFileType = sourcecode.swift; path = SceneDelegate.swift; sourceTree = "<group>"; };
		350F4F9726833A580055BCDD /* GitHubFollowerBymyselfProject.xcdatamodel */ = {isa = PBXFileReference; lastKnownFileType = wrapper.xcdatamodel; path = GitHubFollowerBymyselfProject.xcdatamodel; sourceTree = "<group>"; };
		350F4F9926833A5A0055BCDD /* Assets.xcassets */ = {isa = PBXFileReference; lastKnownFileType = folder.assetcatalog; path = Assets.xcassets; sourceTree = "<group>"; };
		350F4F9C26833A5A0055BCDD /* Base */ = {isa = PBXFileReference; lastKnownFileType = file.storyboard; name = Base; path = Base.lproj/LaunchScreen.storyboard; sourceTree = "<group>"; };
		350F4F9E26833A5A0055BCDD /* Info.plist */ = {isa = PBXFileReference; lastKnownFileType = text.plist.xml; path = Info.plist; sourceTree = "<group>"; };
		7AFDA7562B86EF8E00FEB2FC /* GitHubFollowerDictionaryApp */ = {isa = PBXFileReference; lastKnownFileType = wrapper; path = GitHubFollowerDictionaryApp; sourceTree = "<group>"; };
/* End PBXFileReference section */

/* Begin PBXFrameworksBuildPhase section */
		350F4F8726833A580055BCDD /* Frameworks */ = {
			isa = PBXFrameworksBuildPhase;
			buildActionMask = 2147483647;
			files = (
				7AFDA7592B86FC7100FEB2FC /* DependencyManager in Frameworks */,
			);
			runOnlyForDeploymentPostprocessing = 0;
		};
/* End PBXFrameworksBuildPhase section */

/* Begin PBXGroup section */
		350F4F8126833A580055BCDD = {
			isa = PBXGroup;
			children = (
				7AFDA7562B86EF8E00FEB2FC /* GitHubFollowerDictionaryApp */,
				350F4F8C26833A580055BCDD /* GitHubFollowerBymyselfProject */,
				350F4F8B26833A580055BCDD /* Products */,
				7AFDA7572B86FC7100FEB2FC /* Frameworks */,
			);
			sourceTree = "<group>";
		};
		350F4F8B26833A580055BCDD /* Products */ = {
			isa = PBXGroup;
			children = (
				350F4F8A26833A580055BCDD /* GitHubFollowerBymyselfProject.app */,
			);
			name = Products;
			sourceTree = "<group>";
		};
		350F4F8C26833A580055BCDD /* GitHubFollowerBymyselfProject */ = {
			isa = PBXGroup;
			children = (
				350F4F8D26833A580055BCDD /* AppDelegate.swift */,
				350F4F8F26833A580055BCDD /* SceneDelegate.swift */,
				350F4F9926833A5A0055BCDD /* Assets.xcassets */,
				350F4F9B26833A5A0055BCDD /* LaunchScreen.storyboard */,
				350F4F9E26833A5A0055BCDD /* Info.plist */,
				350F4F9626833A580055BCDD /* GitHubFollowerBymyselfProject.xcdatamodeld */,
			);
			path = GitHubFollowerBymyselfProject;
			sourceTree = "<group>";
		};
		7AFDA7572B86FC7100FEB2FC /* Frameworks */ = {
			isa = PBXGroup;
			children = (
			);
			name = Frameworks;
			sourceTree = "<group>";
		};
/* End PBXGroup section */

/* Begin PBXNativeTarget section */
		350F4F8926833A580055BCDD /* GitHubFollowerBymyselfProject */ = {
			isa = PBXNativeTarget;
			buildConfigurationList = 350F4FA126833A5A0055BCDD /* Build configuration list for PBXNativeTarget "GitHubFollowerBymyselfProject" */;
			buildPhases = (
				350F4F8626833A580055BCDD /* Sources */,
				350F4F8726833A580055BCDD /* Frameworks */,
				350F4F8826833A580055BCDD /* Resources */,
			);
			buildRules = (
			);
			dependencies = (
			);
			name = GitHubFollowerBymyselfProject;
			packageProductDependencies = (
				7AFDA7582B86FC7100FEB2FC /* DependencyManager */,
			);
			productName = GitHubFollowerBymyselfProject;
			productReference = 350F4F8A26833A580055BCDD /* GitHubFollowerBymyselfProject.app */;
			productType = "com.apple.product-type.application";
		};
/* End PBXNativeTarget section */

/* Begin PBXProject section */
		350F4F8226833A580055BCDD /* Project object */ = {
			isa = PBXProject;
			attributes = {
				LastSwiftUpdateCheck = 1250;
				LastUpgradeCheck = 1250;
				TargetAttributes = {
					350F4F8926833A580055BCDD = {
						CreatedOnToolsVersion = 12.5.1;
					};
				};
			};
			buildConfigurationList = 350F4F8526833A580055BCDD /* Build configuration list for PBXProject "GitHubFollowerBymyselfProject" */;
			compatibilityVersion = "Xcode 9.3";
			developmentRegion = en;
			hasScannedForEncodings = 0;
			knownRegions = (
				en,
				Base,
			);
			mainGroup = 350F4F8126833A580055BCDD;
			packageReferences = (
			);
			productRefGroup = 350F4F8B26833A580055BCDD /* Products */;
			projectDirPath = "";
			projectRoot = "";
			targets = (
				350F4F8926833A580055BCDD /* GitHubFollowerBymyselfProject */,
			);
		};
/* End PBXProject section */

/* Begin PBXResourcesBuildPhase section */
		350F4F8826833A580055BCDD /* Resources */ = {
			isa = PBXResourcesBuildPhase;
			buildActionMask = 2147483647;
			files = (
				350F4F9D26833A5A0055BCDD /* LaunchScreen.storyboard in Resources */,
				350F4F9A26833A5A0055BCDD /* Assets.xcassets in Resources */,
			);
			runOnlyForDeploymentPostprocessing = 0;
		};
/* End PBXResourcesBuildPhase section */

/* Begin PBXSourcesBuildPhase section */
		350F4F8626833A580055BCDD /* Sources */ = {
			isa = PBXSourcesBuildPhase;
			buildActionMask = 2147483647;
			files = (
				350F4F9826833A580055BCDD /* GitHubFollowerBymyselfProject.xcdatamodeld in Sources */,
				350F4F8E26833A580055BCDD /* AppDelegate.swift in Sources */,
				350F4F9026833A580055BCDD /* SceneDelegate.swift in Sources */,
			);
			runOnlyForDeploymentPostprocessing = 0;
		};
/* End PBXSourcesBuildPhase section */

/* Begin PBXVariantGroup section */
		350F4F9B26833A5A0055BCDD /* LaunchScreen.storyboard */ = {
			isa = PBXVariantGroup;
			children = (
				350F4F9C26833A5A0055BCDD /* Base */,
			);
			name = LaunchScreen.storyboard;
			sourceTree = "<group>";
		};
/* End PBXVariantGroup section */

/* Begin XCBuildConfiguration section */
		350F4F9F26833A5A0055BCDD /* Debug */ = {
			isa = XCBuildConfiguration;
			buildSettings = {
				ALWAYS_SEARCH_USER_PATHS = NO;
				CLANG_ANALYZER_NONNULL = YES;
				CLANG_ANALYZER_NUMBER_OBJECT_CONVERSION = YES_AGGRESSIVE;
				CLANG_CXX_LANGUAGE_STANDARD = "gnu++14";
				CLANG_CXX_LIBRARY = "libc++";
				CLANG_ENABLE_MODULES = YES;
				CLANG_ENABLE_OBJC_ARC = YES;
				CLANG_ENABLE_OBJC_WEAK = YES;
				CLANG_WARN_BLOCK_CAPTURE_AUTORELEASING = YES;
				CLANG_WARN_BOOL_CONVERSION = YES;
				CLANG_WARN_COMMA = YES;
				CLANG_WARN_CONSTANT_CONVERSION = YES;
				CLANG_WARN_DEPRECATED_OBJC_IMPLEMENTATIONS = YES;
				CLANG_WARN_DIRECT_OBJC_ISA_USAGE = YES_ERROR;
				CLANG_WARN_DOCUMENTATION_COMMENTS = YES;
				CLANG_WARN_EMPTY_BODY = YES;
				CLANG_WARN_ENUM_CONVERSION = YES;
				CLANG_WARN_INFINITE_RECURSION = YES;
				CLANG_WARN_INT_CONVERSION = YES;
				CLANG_WARN_NON_LITERAL_NULL_CONVERSION = YES;
				CLANG_WARN_OBJC_IMPLICIT_RETAIN_SELF = YES;
				CLANG_WARN_OBJC_LITERAL_CONVERSION = YES;
				CLANG_WARN_OBJC_ROOT_CLASS = YES_ERROR;
				CLANG_WARN_QUOTED_INCLUDE_IN_FRAMEWORK_HEADER = YES;
				CLANG_WARN_RANGE_LOOP_ANALYSIS = YES;
				CLANG_WARN_STRICT_PROTOTYPES = YES;
				CLANG_WARN_SUSPICIOUS_MOVE = YES;
				CLANG_WARN_UNGUARDED_AVAILABILITY = YES_AGGRESSIVE;
				CLANG_WARN_UNREACHABLE_CODE = YES;
				CLANG_WARN__DUPLICATE_METHOD_MATCH = YES;
				COPY_PHASE_STRIP = NO;
				DEBUG_INFORMATION_FORMAT = dwarf;
				ENABLE_STRICT_OBJC_MSGSEND = YES;
				ENABLE_TESTABILITY = YES;
				GCC_C_LANGUAGE_STANDARD = gnu11;
				GCC_DYNAMIC_NO_PIC = NO;
				GCC_NO_COMMON_BLOCKS = YES;
				GCC_OPTIMIZATION_LEVEL = 0;
				GCC_PREPROCESSOR_DEFINITIONS = (
					"DEBUG=1",
					"$(inherited)",
				);
				GCC_WARN_64_TO_32_BIT_CONVERSION = YES;
				GCC_WARN_ABOUT_RETURN_TYPE = YES_ERROR;
				GCC_WARN_UNDECLARED_SELECTOR = YES;
				GCC_WARN_UNINITIALIZED_AUTOS = YES_AGGRESSIVE;
				GCC_WARN_UNUSED_FUNCTION = YES;
				GCC_WARN_UNUSED_VARIABLE = YES;
				IPHONEOS_DEPLOYMENT_TARGET = 14.5;
				MTL_ENABLE_DEBUG_INFO = INCLUDE_SOURCE;
				MTL_FAST_MATH = YES;
				ONLY_ACTIVE_ARCH = YES;
				SDKROOT = iphoneos;
				SWIFT_ACTIVE_COMPILATION_CONDITIONS = DEBUG;
				SWIFT_OPTIMIZATION_LEVEL = "-Onone";
			};
			name = Debug;
		};
		350F4FA026833A5A0055BCDD /* Release */ = {
			isa = XCBuildConfiguration;
			buildSettings = {
				ALWAYS_SEARCH_USER_PATHS = NO;
				CLANG_ANALYZER_NONNULL = YES;
				CLANG_ANALYZER_NUMBER_OBJECT_CONVERSION = YES_AGGRESSIVE;
				CLANG_CXX_LANGUAGE_STANDARD = "gnu++14";
				CLANG_CXX_LIBRARY = "libc++";
				CLANG_ENABLE_MODULES = YES;
				CLANG_ENABLE_OBJC_ARC = YES;
				CLANG_ENABLE_OBJC_WEAK = YES;
				CLANG_WARN_BLOCK_CAPTURE_AUTORELEASING = YES;
				CLANG_WARN_BOOL_CONVERSION = YES;
				CLANG_WARN_COMMA = YES;
				CLANG_WARN_CONSTANT_CONVERSION = YES;
				CLANG_WARN_DEPRECATED_OBJC_IMPLEMENTATIONS = YES;
				CLANG_WARN_DIRECT_OBJC_ISA_USAGE = YES_ERROR;
				CLANG_WARN_DOCUMENTATION_COMMENTS = YES;
				CLANG_WARN_EMPTY_BODY = YES;
				CLANG_WARN_ENUM_CONVERSION = YES;
				CLANG_WARN_INFINITE_RECURSION = YES;
				CLANG_WARN_INT_CONVERSION = YES;
				CLANG_WARN_NON_LITERAL_NULL_CONVERSION = YES;
				CLANG_WARN_OBJC_IMPLICIT_RETAIN_SELF = YES;
				CLANG_WARN_OBJC_LITERAL_CONVERSION = YES;
				CLANG_WARN_OBJC_ROOT_CLASS = YES_ERROR;
				CLANG_WARN_QUOTED_INCLUDE_IN_FRAMEWORK_HEADER = YES;
				CLANG_WARN_RANGE_LOOP_ANALYSIS = YES;
				CLANG_WARN_STRICT_PROTOTYPES = YES;
				CLANG_WARN_SUSPICIOUS_MOVE = YES;
				CLANG_WARN_UNGUARDED_AVAILABILITY = YES_AGGRESSIVE;
				CLANG_WARN_UNREACHABLE_CODE = YES;
				CLANG_WARN__DUPLICATE_METHOD_MATCH = YES;
				COPY_PHASE_STRIP = NO;
				DEBUG_INFORMATION_FORMAT = "dwarf-with-dsym";
				ENABLE_NS_ASSERTIONS = NO;
				ENABLE_STRICT_OBJC_MSGSEND = YES;
				GCC_C_LANGUAGE_STANDARD = gnu11;
				GCC_NO_COMMON_BLOCKS = YES;
				GCC_WARN_64_TO_32_BIT_CONVERSION = YES;
				GCC_WARN_ABOUT_RETURN_TYPE = YES_ERROR;
				GCC_WARN_UNDECLARED_SELECTOR = YES;
				GCC_WARN_UNINITIALIZED_AUTOS = YES_AGGRESSIVE;
				GCC_WARN_UNUSED_FUNCTION = YES;
				GCC_WARN_UNUSED_VARIABLE = YES;
				IPHONEOS_DEPLOYMENT_TARGET = 14.5;
				MTL_ENABLE_DEBUG_INFO = NO;
				MTL_FAST_MATH = YES;
				SDKROOT = iphoneos;
				SWIFT_COMPILATION_MODE = wholemodule;
				SWIFT_OPTIMIZATION_LEVEL = "-O";
				VALIDATE_PRODUCT = YES;
			};
			name = Release;
		};
		350F4FA226833A5A0055BCDD /* Debug */ = {
			isa = XCBuildConfiguration;
			buildSettings = {
				ASSETCATALOG_COMPILER_APPICON_NAME = AppIcon;
				ASSETCATALOG_COMPILER_GLOBAL_ACCENT_COLOR_NAME = AccentColor;
				CODE_SIGN_STYLE = Automatic;
				DEVELOPMENT_TEAM = PHT5ZHW738;
				INFOPLIST_FILE = GitHubFollowerBymyselfProject/Info.plist;
				LD_RUNPATH_SEARCH_PATHS = (
					"$(inherited)",
					"@executable_path/Frameworks",
				);
				PRODUCT_BUNDLE_IDENTIFIER = yokim.GitHubFollowerBymyselfProject;
				PRODUCT_NAME = "$(TARGET_NAME)";
				SWIFT_VERSION = 5.0;
				TARGETED_DEVICE_FAMILY = 1;
			};
			name = Debug;
		};
		350F4FA326833A5A0055BCDD /* Release */ = {
			isa = XCBuildConfiguration;
			buildSettings = {
				ASSETCATALOG_COMPILER_APPICON_NAME = AppIcon;
				ASSETCATALOG_COMPILER_GLOBAL_ACCENT_COLOR_NAME = AccentColor;
				CODE_SIGN_STYLE = Automatic;
				DEVELOPMENT_TEAM = PHT5ZHW738;
				INFOPLIST_FILE = GitHubFollowerBymyselfProject/Info.plist;
				LD_RUNPATH_SEARCH_PATHS = (
					"$(inherited)",
					"@executable_path/Frameworks",
				);
				PRODUCT_BUNDLE_IDENTIFIER = yokim.GitHubFollowerBymyselfProject;
				PRODUCT_NAME = "$(TARGET_NAME)";
				SWIFT_VERSION = 5.0;
				TARGETED_DEVICE_FAMILY = 1;
			};
			name = Release;
		};
/* End XCBuildConfiguration section */

/* Begin XCConfigurationList section */
		350F4F8526833A580055BCDD /* Build configuration list for PBXProject "GitHubFollowerBymyselfProject" */ = {
			isa = XCConfigurationList;
			buildConfigurations = (
				350F4F9F26833A5A0055BCDD /* Debug */,
				350F4FA026833A5A0055BCDD /* Release */,
			);
			defaultConfigurationIsVisible = 0;
			defaultConfigurationName = Release;
		};
		350F4FA126833A5A0055BCDD /* Build configuration list for PBXNativeTarget "GitHubFollowerBymyselfProject" */ = {
			isa = XCConfigurationList;
			buildConfigurations = (
				350F4FA226833A5A0055BCDD /* Debug */,
				350F4FA326833A5A0055BCDD /* Release */,
			);
			defaultConfigurationIsVisible = 0;
			defaultConfigurationName = Release;
		};
/* End XCConfigurationList section */

/* Begin XCSwiftPackageProductDependency section */
		7AFDA7582B86FC7100FEB2FC /* DependencyManager */ = {
			isa = XCSwiftPackageProductDependency;
			productName = DependencyManager;
		};
/* End XCSwiftPackageProductDependency section */

/* Begin XCVersionGroup section */
		350F4F9626833A580055BCDD /* GitHubFollowerBymyselfProject.xcdatamodeld */ = {
			isa = XCVersionGroup;
			children = (
				350F4F9726833A580055BCDD /* GitHubFollowerBymyselfProject.xcdatamodel */,
			);
			currentVersion = 350F4F9726833A580055BCDD /* GitHubFollowerBymyselfProject.xcdatamodel */;
			path = GitHubFollowerBymyselfProject.xcdatamodeld;
			sourceTree = "<group>";
			versionGroupType = wrapper.xcdatamodel;
		};
/* End XCVersionGroup section */
	};
	rootObject = 350F4F8226833A580055BCDD /* Project object */;
}
